
Microsoft Visual Studio Solution File, Format Version 12.00
# Visual Studio Version 17
VisualStudioVersion = 17.0.32112.339
MinimumVisualStudioVersion = 10.0.40219.1
Project("{2150E333-8FDC-42A3-9474-1A3956D46DE8}") = "_Solution Items", "_Solution Items", "{494F24C6-4E9A-4100-BA3B-5B19D6CC1893}"
	ProjectSection(SolutionItems) = preProject
		.editorconfig = .editorconfig
	EndProjectSection
EndProject
Project("{2150E333-8FDC-42A3-9474-1A3956D46DE8}") = "ViewModels", "ViewModels", "{2AF88DCC-0D78-4205-8539-947FABFD94FD}"
EndProject
Project("{2150E333-8FDC-42A3-9474-1A3956D46DE8}") = "Views", "Views", "{9521D010-944E-4490-9E97-47A89CAEC515}"
EndProject
Project("{2150E333-8FDC-42A3-9474-1A3956D46DE8}") = "Models", "Models", "{A20FC3F6-342E-41ED-8A00-0FB4F2C063B6}"
EndProject
Project("{9A19103F-16F7-4668-BE54-9A1E7A4F7556}") = "Components", "Models\Components\Components.csproj", "{B2614064-E711-4EFA-8FEC-B326CDAFD426}"
EndProject
Project("{2150E333-8FDC-42A3-9474-1A3956D46DE8}") = "Tests", "Tests", "{565D7B79-3622-477F-9F2B-F2E735D17449}"
EndProject
Project("{9A19103F-16F7-4668-BE54-9A1E7A4F7556}") = "Modules", "Models\Modules\Modules.csproj", "{D695E1F4-9370-4B8E-A473-85011BB53785}"
EndProject
Project("{9A19103F-16F7-4668-BE54-9A1E7A4F7556}") = "Computers", "Models\Computers\Computers.csproj", "{11470786-CE85-466F-87C2-34771AACFF4C}"
EndProject
Project("{9A19103F-16F7-4668-BE54-9A1E7A4F7556}") = "Components.Tests", "Models\Tests\Components.Tests\Components.Tests.csproj", "{8B7EF5CF-9B88-4CA2-BC31-EDFBB87D6080}"
EndProject
Project("{9A19103F-16F7-4668-BE54-9A1E7A4F7556}") = "Modules.Tests", "Models\Tests\Modules.Tests\Modules.Tests.csproj", "{F1A89F8C-5AA7-454B-A13F-6E1777979309}"
EndProject
Project("{9A19103F-16F7-4668-BE54-9A1E7A4F7556}") = "Computers.Tests", "Models\Tests\Computers.Tests\Computers.Tests.csproj", "{A6F12BDD-0D04-4623-B019-8AE8E146AE96}"
EndProject
Project("{9A19103F-16F7-4668-BE54-9A1E7A4F7556}") = "DigitalElectronics.Demos", "Views\DigitalElectronics.Demos\DigitalElectronics.Demos.csproj", "{7C1A978D-F27D-4CFB-917C-09BDF7941190}"
EndProject
Project("{9A19103F-16F7-4668-BE54-9A1E7A4F7556}") = "ViewModels.Components", "ViewModels\ViewModels.Components\ViewModels.Components.csproj", "{24F945D3-DB09-48E3-9AD3-9C16B8306BA0}"
EndProject
Project("{2150E333-8FDC-42A3-9474-1A3956D46DE8}") = "Tests", "Tests", "{A82AEAFF-82D3-4B90-B055-47E2D3D7CA2D}"
EndProject
Project("{9A19103F-16F7-4668-BE54-9A1E7A4F7556}") = "ViewModels.Components.Tests", "ViewModels\Tests\ViewModels.Components.Tests\ViewModels.Components.Tests.csproj", "{AA14A5FF-95BE-4BD9-9FFA-AB56C637F82B}"
EndProject
Project("{9A19103F-16F7-4668-BE54-9A1E7A4F7556}") = "ViewModels.Modules", "ViewModels\ViewModels.Modules\ViewModels.Modules\ViewModels.Modules.csproj", "{F119FF32-8C7E-4504-B82D-AA77C9EFF291}"
EndProject
Project("{9A19103F-16F7-4668-BE54-9A1E7A4F7556}") = "ViewModels.Modules.Tests", "ViewModels\Tests\ViewModels.Modules.Tests\ViewModels.Modules.Tests.csproj", "{7468D9FD-BE15-4E37-A762-4174A8CB3A4B}"
EndProject
Project("{2150E333-8FDC-42A3-9474-1A3956D46DE8}") = "Tests", "Tests", "{E001B6DF-B204-4A08-8FEE-05EE65617AC2}"
EndProject
Project("{9A19103F-16F7-4668-BE54-9A1E7A4F7556}") = "DigitalElectronics.UI", "Views\DigitalElectronics.UI\DigitalElectronics.UI.csproj", "{FFDC87AD-1EB6-4207-B3F1-ED158D3EE2F9}"
EndProject
Project("{9A19103F-16F7-4668-BE54-9A1E7A4F7556}") = "DigitalElectronics.UI.Tests", "Views\Tests\DigitalElectronics.UI.Tests\DigitalElectronics.UI.Tests.csproj", "{CB8FAA01-C5ED-4441-B9CB-0C1A3D661691}"
EndProject
Project("{2150E333-8FDC-42A3-9474-1A3956D46DE8}") = "Boards", "Boards", "{D0B19696-D2D7-4287-8239-F88C4A873B3B}"
EndProject
Project("{2150E333-8FDC-42A3-9474-1A3956D46DE8}") = "Tests", "Tests", "{26692DF4-A943-4976-B6A1-827B046E8FF5}"
EndProject
Project("{9A19103F-16F7-4668-BE54-9A1E7A4F7556}") = "Boards.Tests", "Boards\Tests\Boards.Tests\Boards.Tests.csproj", "{BF71B180-6DF6-451E-999E-53B97C784401}"
EndProject
Project("{9A19103F-16F7-4668-BE54-9A1E7A4F7556}") = "Boards", "Boards\Boards\Boards.csproj", "{7314FE99-1490-4ABB-9835-96CAA7E750A3}"
EndProject
Project("{9A19103F-16F7-4668-BE54-9A1E7A4F7556}") = "Core", "Core\Core.csproj", "{56996E8C-59B5-4C26-9F5E-3C6CA217F2FF}"
EndProject
Project("{9A19103F-16F7-4668-BE54-9A1E7A4F7556}") = "MiscTests", "MiscTests\MiscTests.csproj", "{8D191333-4F90-4C77-87ED-EB0D473A77EA}"
EndProject
Global
	GlobalSection(SolutionConfigurationPlatforms) = preSolution
		Debug|Any CPU = Debug|Any CPU
		Release|Any CPU = Release|Any CPU
	EndGlobalSection
	GlobalSection(ProjectConfigurationPlatforms) = postSolution
		{B2614064-E711-4EFA-8FEC-B326CDAFD426}.Debug|Any CPU.ActiveCfg = Debug|Any CPU
		{B2614064-E711-4EFA-8FEC-B326CDAFD426}.Debug|Any CPU.Build.0 = Debug|Any CPU
		{B2614064-E711-4EFA-8FEC-B326CDAFD426}.Release|Any CPU.ActiveCfg = Release|Any CPU
		{B2614064-E711-4EFA-8FEC-B326CDAFD426}.Release|Any CPU.Build.0 = Release|Any CPU
		{D695E1F4-9370-4B8E-A473-85011BB53785}.Debug|Any CPU.ActiveCfg = Debug|Any CPU
		{D695E1F4-9370-4B8E-A473-85011BB53785}.Debug|Any CPU.Build.0 = Debug|Any CPU
		{D695E1F4-9370-4B8E-A473-85011BB53785}.Release|Any CPU.ActiveCfg = Release|Any CPU
		{D695E1F4-9370-4B8E-A473-85011BB53785}.Release|Any CPU.Build.0 = Release|Any CPU
		{11470786-CE85-466F-87C2-34771AACFF4C}.Debug|Any CPU.ActiveCfg = Debug|Any CPU
		{11470786-CE85-466F-87C2-34771AACFF4C}.Debug|Any CPU.Build.0 = Debug|Any CPU
		{11470786-CE85-466F-87C2-34771AACFF4C}.Release|Any CPU.ActiveCfg = Release|Any CPU
		{11470786-CE85-466F-87C2-34771AACFF4C}.Release|Any CPU.Build.0 = Release|Any CPU
		{8B7EF5CF-9B88-4CA2-BC31-EDFBB87D6080}.Debug|Any CPU.ActiveCfg = Debug|Any CPU
		{8B7EF5CF-9B88-4CA2-BC31-EDFBB87D6080}.Debug|Any CPU.Build.0 = Debug|Any CPU
		{8B7EF5CF-9B88-4CA2-BC31-EDFBB87D6080}.Release|Any CPU.ActiveCfg = Release|Any CPU
		{8B7EF5CF-9B88-4CA2-BC31-EDFBB87D6080}.Release|Any CPU.Build.0 = Release|Any CPU
		{F1A89F8C-5AA7-454B-A13F-6E1777979309}.Debug|Any CPU.ActiveCfg = Debug|Any CPU
		{F1A89F8C-5AA7-454B-A13F-6E1777979309}.Debug|Any CPU.Build.0 = Debug|Any CPU
		{F1A89F8C-5AA7-454B-A13F-6E1777979309}.Release|Any CPU.ActiveCfg = Release|Any CPU
		{F1A89F8C-5AA7-454B-A13F-6E1777979309}.Release|Any CPU.Build.0 = Release|Any CPU
		{A6F12BDD-0D04-4623-B019-8AE8E146AE96}.Debug|Any CPU.ActiveCfg = Debug|Any CPU
		{A6F12BDD-0D04-4623-B019-8AE8E146AE96}.Debug|Any CPU.Build.0 = Debug|Any CPU
		{A6F12BDD-0D04-4623-B019-8AE8E146AE96}.Release|Any CPU.ActiveCfg = Release|Any CPU
		{A6F12BDD-0D04-4623-B019-8AE8E146AE96}.Release|Any CPU.Build.0 = Release|Any CPU
		{7C1A978D-F27D-4CFB-917C-09BDF7941190}.Debug|Any CPU.ActiveCfg = Debug|Any CPU
		{7C1A978D-F27D-4CFB-917C-09BDF7941190}.Debug|Any CPU.Build.0 = Debug|Any CPU
		{7C1A978D-F27D-4CFB-917C-09BDF7941190}.Release|Any CPU.ActiveCfg = Release|Any CPU
		{7C1A978D-F27D-4CFB-917C-09BDF7941190}.Release|Any CPU.Build.0 = Release|Any CPU
		{24F945D3-DB09-48E3-9AD3-9C16B8306BA0}.Debug|Any CPU.ActiveCfg = Debug|Any CPU
		{24F945D3-DB09-48E3-9AD3-9C16B8306BA0}.Debug|Any CPU.Build.0 = Debug|Any CPU
		{24F945D3-DB09-48E3-9AD3-9C16B8306BA0}.Release|Any CPU.ActiveCfg = Release|Any CPU
		{24F945D3-DB09-48E3-9AD3-9C16B8306BA0}.Release|Any CPU.Build.0 = Release|Any CPU
		{AA14A5FF-95BE-4BD9-9FFA-AB56C637F82B}.Debug|Any CPU.ActiveCfg = Debug|Any CPU
		{AA14A5FF-95BE-4BD9-9FFA-AB56C637F82B}.Debug|Any CPU.Build.0 = Debug|Any CPU
		{AA14A5FF-95BE-4BD9-9FFA-AB56C637F82B}.Release|Any CPU.ActiveCfg = Release|Any CPU
		{AA14A5FF-95BE-4BD9-9FFA-AB56C637F82B}.Release|Any CPU.Build.0 = Release|Any CPU
		{F119FF32-8C7E-4504-B82D-AA77C9EFF291}.Debug|Any CPU.ActiveCfg = Debug|Any CPU
		{F119FF32-8C7E-4504-B82D-AA77C9EFF291}.Debug|Any CPU.Build.0 = Debug|Any CPU
		{F119FF32-8C7E-4504-B82D-AA77C9EFF291}.Release|Any CPU.ActiveCfg = Release|Any CPU
		{F119FF32-8C7E-4504-B82D-AA77C9EFF291}.Release|Any CPU.Build.0 = Release|Any CPU
		{7468D9FD-BE15-4E37-A762-4174A8CB3A4B}.Debug|Any CPU.ActiveCfg = Debug|Any CPU
		{7468D9FD-BE15-4E37-A762-4174A8CB3A4B}.Debug|Any CPU.Build.0 = Debug|Any CPU
		{7468D9FD-BE15-4E37-A762-4174A8CB3A4B}.Release|Any CPU.ActiveCfg = Release|Any CPU
		{7468D9FD-BE15-4E37-A762-4174A8CB3A4B}.Release|Any CPU.Build.0 = Release|Any CPU
		{FFDC87AD-1EB6-4207-B3F1-ED158D3EE2F9}.Debug|Any CPU.ActiveCfg = Debug|Any CPU
		{FFDC87AD-1EB6-4207-B3F1-ED158D3EE2F9}.Debug|Any CPU.Build.0 = Debug|Any CPU
		{FFDC87AD-1EB6-4207-B3F1-ED158D3EE2F9}.Release|Any CPU.ActiveCfg = Release|Any CPU
		{FFDC87AD-1EB6-4207-B3F1-ED158D3EE2F9}.Release|Any CPU.Build.0 = Release|Any CPU
		{CB8FAA01-C5ED-4441-B9CB-0C1A3D661691}.Debug|Any CPU.ActiveCfg = Debug|Any CPU
		{CB8FAA01-C5ED-4441-B9CB-0C1A3D661691}.Debug|Any CPU.Build.0 = Debug|Any CPU
		{CB8FAA01-C5ED-4441-B9CB-0C1A3D661691}.Release|Any CPU.ActiveCfg = Release|Any CPU
		{CB8FAA01-C5ED-4441-B9CB-0C1A3D661691}.Release|Any CPU.Build.0 = Release|Any CPU
		{BF71B180-6DF6-451E-999E-53B97C784401}.Debug|Any CPU.ActiveCfg = Debug|Any CPU
		{BF71B180-6DF6-451E-999E-53B97C784401}.Debug|Any CPU.Build.0 = Debug|Any CPU
		{BF71B180-6DF6-451E-999E-53B97C784401}.Release|Any CPU.ActiveCfg = Release|Any CPU
		{BF71B180-6DF6-451E-999E-53B97C784401}.Release|Any CPU.Build.0 = Release|Any CPU
		{7314FE99-1490-4ABB-9835-96CAA7E750A3}.Debug|Any CPU.ActiveCfg = Debug|Any CPU
		{7314FE99-1490-4ABB-9835-96CAA7E750A3}.Debug|Any CPU.Build.0 = Debug|Any CPU
		{7314FE99-1490-4ABB-9835-96CAA7E750A3}.Release|Any CPU.ActiveCfg = Release|Any CPU
		{7314FE99-1490-4ABB-9835-96CAA7E750A3}.Release|Any CPU.Build.0 = Release|Any CPU
		{56996E8C-59B5-4C26-9F5E-3C6CA217F2FF}.Debug|Any CPU.ActiveCfg = Debug|Any CPU
		{56996E8C-59B5-4C26-9F5E-3C6CA217F2FF}.Debug|Any CPU.Build.0 = Debug|Any CPU
		{56996E8C-59B5-4C26-9F5E-3C6CA217F2FF}.Release|Any CPU.ActiveCfg = Release|Any CPU
		{56996E8C-59B5-4C26-9F5E-3C6CA217F2FF}.Release|Any CPU.Build.0 = Release|Any CPU
		{8D191333-4F90-4C77-87ED-EB0D473A77EA}.Debug|Any CPU.ActiveCfg = Debug|Any CPU
		{8D191333-4F90-4C77-87ED-EB0D473A77EA}.Debug|Any CPU.Build.0 = Debug|Any CPU
		{8D191333-4F90-4C77-87ED-EB0D473A77EA}.Release|Any CPU.ActiveCfg = Release|Any CPU
		{8D191333-4F90-4C77-87ED-EB0D473A77EA}.Release|Any CPU.Build.0 = Release|Any CPU
	EndGlobalSection
	GlobalSection(SolutionProperties) = preSolution
		HideSolutionNode = FALSE
	EndGlobalSection
	GlobalSection(NestedProjects) = preSolution
		{B2614064-E711-4EFA-8FEC-B326CDAFD426} = {A20FC3F6-342E-41ED-8A00-0FB4F2C063B6}
		{565D7B79-3622-477F-9F2B-F2E735D17449} = {A20FC3F6-342E-41ED-8A00-0FB4F2C063B6}
		{D695E1F4-9370-4B8E-A473-85011BB53785} = {A20FC3F6-342E-41ED-8A00-0FB4F2C063B6}
		{11470786-CE85-466F-87C2-34771AACFF4C} = {A20FC3F6-342E-41ED-8A00-0FB4F2C063B6}
		{8B7EF5CF-9B88-4CA2-BC31-EDFBB87D6080} = {565D7B79-3622-477F-9F2B-F2E735D17449}
		{F1A89F8C-5AA7-454B-A13F-6E1777979309} = {565D7B79-3622-477F-9F2B-F2E735D17449}
		{A6F12BDD-0D04-4623-B019-8AE8E146AE96} = {565D7B79-3622-477F-9F2B-F2E735D17449}
		{7C1A978D-F27D-4CFB-917C-09BDF7941190} = {9521D010-944E-4490-9E97-47A89CAEC515}
		{24F945D3-DB09-48E3-9AD3-9C16B8306BA0} = {2AF88DCC-0D78-4205-8539-947FABFD94FD}
		{A82AEAFF-82D3-4B90-B055-47E2D3D7CA2D} = {2AF88DCC-0D78-4205-8539-947FABFD94FD}
		{AA14A5FF-95BE-4BD9-9FFA-AB56C637F82B} = {A82AEAFF-82D3-4B90-B055-47E2D3D7CA2D}
		{F119FF32-8C7E-4504-B82D-AA77C9EFF291} = {2AF88DCC-0D78-4205-8539-947FABFD94FD}
		{7468D9FD-BE15-4E37-A762-4174A8CB3A4B} = {A82AEAFF-82D3-4B90-B055-47E2D3D7CA2D}
		{E001B6DF-B204-4A08-8FEE-05EE65617AC2} = {9521D010-944E-4490-9E97-47A89CAEC515}
		{FFDC87AD-1EB6-4207-B3F1-ED158D3EE2F9} = {9521D010-944E-4490-9E97-47A89CAEC515}
		{CB8FAA01-C5ED-4441-B9CB-0C1A3D661691} = {E001B6DF-B204-4A08-8FEE-05EE65617AC2}
		{26692DF4-A943-4976-B6A1-827B046E8FF5} = {D0B19696-D2D7-4287-8239-F88C4A873B3B}
		{BF71B180-6DF6-451E-999E-53B97C784401} = {26692DF4-A943-4976-B6A1-827B046E8FF5}
		{7314FE99-1490-4ABB-9835-96CAA7E750A3} = {D0B19696-D2D7-4287-8239-F88C4A873B3B}
	EndGlobalSection
	GlobalSection(ExtensibilityGlobals) = postSolution
		SolutionGuid = {EDD55898-388C-4BD9-A950-235C0F896944}
	EndGlobalSection
EndGlobal
